
Microsoft Visual Studio Solution File, Format Version 12.00
# Visual Studio Version 17
VisualStudioVersion = 17.0.31612.314
MinimumVisualStudioVersion = 10.0.40219.1
Project("{FAE04EC0-301F-11D3-BF4B-00C04F79EFBC}") = "Structure", "Structure\Structure.csproj", "{4F213CC0-3F35-4014-89A5-5222D7E29854}"
EndProject
Global
	GlobalSection(SolutionConfigurationPlatforms) = preSolution
		Debug|Any CPU = Debug|Any CPU
		Release|Any CPU = Release|Any CPU
	EndGlobalSection
	GlobalSection(ProjectConfigurationPlatforms) = postSolution
		{4F213CC0-3F35-4014-89A5-5222D7E29854}.Debug|Any CPU.ActiveCfg = Debug|Any CPU
		{4F213CC0-3F35-4014-89A5-5222D7E29854}.Debug|Any CPU.Build.0 = Debug|Any CPU
		{4F213CC0-3F35-4014-89A5-5222D7E29854}.Release|Any CPU.ActiveCfg = Release|Any CPU
		{4F213CC0-3F35-4014-89A5-5222D7E29854}.Release|Any CPU.Build.0 = Release|Any CPU
	EndGlobalSection
	GlobalSection(SolutionProperties) = preSolution
		HideSolutionNode = FALSE
	EndGlobalSection
	GlobalSection(ExtensibilityGlobals) = postSolution
		SolutionGuid = {B87FB798-2EDD-4BB8-BF88-713D3313ECE0}
	EndGlobalSection
EndGlobal
